
Microsoft Visual Studio Solution File, Format Version 12.00
# Visual Studio Version 17
VisualStudioVersion = 17.9.34728.123
MinimumVisualStudioVersion = 10.0.40219.1
Project("{2150E333-8FDC-42A3-9474-1A3956D46DE8}") = "src", "src", "{757A37E7-D91F-4224-9863-EEB4EEB2810F}"
EndProject
Project("{9A19103F-16F7-4668-BE54-9A1E7A4F7556}") = "Rudra", "src\Rudra\Rudra.csproj", "{186AE135-481B-4033-8F35-B9AE2E470779}"
EndProject
Global
	GlobalSection(SolutionConfigurationPlatforms) = preSolution
		Debug|Any CPU = Debug|Any CPU
		Release|Any CPU = Release|Any CPU
	EndGlobalSection
	GlobalSection(ProjectConfigurationPlatforms) = postSolution
		{186AE135-481B-4033-8F35-B9AE2E470779}.Debug|Any CPU.ActiveCfg = Release|Any CPU
		{186AE135-481B-4033-8F35-B9AE2E470779}.Debug|Any CPU.Build.0 = Release|Any CPU
		{186AE135-481B-4033-8F35-B9AE2E470779}.Release|Any CPU.ActiveCfg = Release|Any CPU
		{186AE135-481B-4033-8F35-B9AE2E470779}.Release|Any CPU.Build.0 = Release|Any CPU
	EndGlobalSection
	GlobalSection(SolutionProperties) = preSolution
		HideSolutionNode = FALSE
	EndGlobalSection
	GlobalSection(NestedProjects) = preSolution
		{186AE135-481B-4033-8F35-B9AE2E470779} = {757A37E7-D91F-4224-9863-EEB4EEB2810F}
	EndGlobalSection
	GlobalSection(ExtensibilityGlobals) = postSolution
		SolutionGuid = {63A805D7-8934-42A8-9803-D8832DB6291C}
	EndGlobalSection
EndGlobal
